
Microsoft Visual Studio Solution File, Format Version 12.00
# Visual Studio 14
VisualStudioVersion = 14.0.25123.0
MinimumVisualStudioVersion = 10.0.40219.1
Project("{FAE04EC0-301F-11D3-BF4B-00C04F79EFBC}") = "Morse", "Morse\Morse.csproj", "{4DB25443-D10B-4813-BF91-E0F44B4F4B67}"
EndProject
Project("{FAE04EC0-301F-11D3-BF4B-00C04F79EFBC}") = "MorseLibrary", "MorseLibrary\MorseLibrary.csproj", "{AF9C0FC5-52CD-40B5-9266-D001E7127C14}"
EndProject
Global
	GlobalSection(SolutionConfigurationPlatforms) = preSolution
		Debug|Any CPU = Debug|Any CPU
		Release|Any CPU = Release|Any CPU
	EndGlobalSection
	GlobalSection(ProjectConfigurationPlatforms) = postSolution
		{4DB25443-D10B-4813-BF91-E0F44B4F4B67}.Debug|Any CPU.ActiveCfg = Debug|Any CPU
		{4DB25443-D10B-4813-BF91-E0F44B4F4B67}.Debug|Any CPU.Build.0 = Debug|Any CPU
		{4DB25443-D10B-4813-BF91-E0F44B4F4B67}.Release|Any CPU.ActiveCfg = Release|Any CPU
		{4DB25443-D10B-4813-BF91-E0F44B4F4B67}.Release|Any CPU.Build.0 = Release|Any CPU
		{AF9C0FC5-52CD-40B5-9266-D001E7127C14}.Debug|Any CPU.ActiveCfg = Debug|Any CPU
		{AF9C0FC5-52CD-40B5-9266-D001E7127C14}.Debug|Any CPU.Build.0 = Debug|Any CPU
		{AF9C0FC5-52CD-40B5-9266-D001E7127C14}.Release|Any CPU.ActiveCfg = Release|Any CPU
		{AF9C0FC5-52CD-40B5-9266-D001E7127C14}.Release|Any CPU.Build.0 = Release|Any CPU
	EndGlobalSection
	GlobalSection(SolutionProperties) = preSolution
		HideSolutionNode = FALSE
	EndGlobalSection
EndGlobal
